
Microsoft Visual Studio Solution File, Format Version 12.00
# Visual Studio 15
Project("{FAE04EC0-301F-11D3-BF4B-00C04F79EFBC}") = "Assembly-CSharp", "Assembly-CSharp.csproj", "{BAB728F8-9F93-09A5-8A7A-43DCDA9F85AE}"
EndProject
Global
	GlobalSection(SolutionConfigurationPlatforms) = preSolution
		Debug|Any CPU = Debug|Any CPU
		Release|Any CPU = Release|Any CPU
	EndGlobalSection
	GlobalSection(ProjectConfigurationPlatforms) = postSolution
		{BAB728F8-9F93-09A5-8A7A-43DCDA9F85AE}.Debug|Any CPU.ActiveCfg = Debug|Any CPU
		{BAB728F8-9F93-09A5-8A7A-43DCDA9F85AE}.Debug|Any CPU.Build.0 = Debug|Any CPU
		{BAB728F8-9F93-09A5-8A7A-43DCDA9F85AE}.Release|Any CPU.ActiveCfg = Release|Any CPU
		{BAB728F8-9F93-09A5-8A7A-43DCDA9F85AE}.Release|Any CPU.Build.0 = Release|Any CPU
	EndGlobalSection
	GlobalSection(SolutionProperties) = preSolution
		HideSolutionNode = FALSE
	EndGlobalSection
EndGlobal
